dependencies:
  espressif/coap:
    component_hash: 110911e92269df737326f643111da07934621c1c6e9a3cf7c7a002a14d55cfa3
    source:
      service_url: https://api.components.espressif.com/
      type: service
    version: 4.3.4~1
  idf:
    component_hash: null
    source:
      type: idf
    version: 5.2.0
manifest_hash: f5fde5bad24c54d2b34d9f7413dfac931ca94c09d0c81f6243b8f67c63f9decc
target: esp32s3
version: 1.0.0
