dependencies:
  espressif/coap:
    component_hash: 110911e92269df737326f643111da07934621c1c6e9a3cf7c7a002a14d55cfa3
    source:
      service_url: https://api.components.espressif.com/
      type: service
    version: 4.3.4~1
  espressif/mdns:
    component_hash: d8ae7aa491ff97aea1d00d514a1de42cdbaaf1bce10df183968fa5594b904de7
    source:
      service_url: https://api.components.espressif.com/
      type: service
    version: 1.2.5
  espressif/qrcode:
    component_hash: 3b493771bc5d6ad30cbf87c25bf784aada8a08c941504355b55d6b75518ed7bc
    source:
      service_url: https://api.components.espressif.com/
      type: service
    version: 0.1.0~2
  idf:
    component_hash: null
    source:
      type: idf
    version: 5.2.0
manifest_hash: 50d90aaeec6e8460f64fd1ec672d1c8c0017981cc3824b9eb4722389166120b1
target: esp32s3
version: 1.0.0
